
Microsoft Visual Studio Solution File, Format Version 12.00
# Visual Studio Version 17
VisualStudioVersion = 17.0.32002.185
MinimumVisualStudioVersion = 10.0.40219.1
Project("{FAE04EC0-301F-11D3-BF4B-00C04F79EFBC}") = "Laba11", "Laba11\Laba11.csproj", "{77A9831D-9804-408F-AEAD-3D258E6B8A5F}"
EndProject
Project("{FAE04EC0-301F-11D3-BF4B-00C04F79EFBC}") = "Laba11.2", "Laba11.2\Laba11.2.csproj", "{2CF9F174-BAD0-44D3-B814-614751333120}"
EndProject
Global
	GlobalSection(SolutionConfigurationPlatforms) = preSolution
		Debug|Any CPU = Debug|Any CPU
		Release|Any CPU = Release|Any CPU
	EndGlobalSection
	GlobalSection(ProjectConfigurationPlatforms) = postSolution
		{77A9831D-9804-408F-AEAD-3D258E6B8A5F}.Debug|Any CPU.ActiveCfg = Debug|Any CPU
		{77A9831D-9804-408F-AEAD-3D258E6B8A5F}.Debug|Any CPU.Build.0 = Debug|Any CPU
		{77A9831D-9804-408F-AEAD-3D258E6B8A5F}.Release|Any CPU.ActiveCfg = Release|Any CPU
		{77A9831D-9804-408F-AEAD-3D258E6B8A5F}.Release|Any CPU.Build.0 = Release|Any CPU
		{2CF9F174-BAD0-44D3-B814-614751333120}.Debug|Any CPU.ActiveCfg = Debug|Any CPU
		{2CF9F174-BAD0-44D3-B814-614751333120}.Debug|Any CPU.Build.0 = Debug|Any CPU
		{2CF9F174-BAD0-44D3-B814-614751333120}.Release|Any CPU.ActiveCfg = Release|Any CPU
		{2CF9F174-BAD0-44D3-B814-614751333120}.Release|Any CPU.Build.0 = Release|Any CPU
	EndGlobalSection
	GlobalSection(SolutionProperties) = preSolution
		HideSolutionNode = FALSE
	EndGlobalSection
	GlobalSection(ExtensibilityGlobals) = postSolution
		SolutionGuid = {DD6221BE-3938-4B0D-BF07-475C100CE357}
	EndGlobalSection
EndGlobal
